
Microsoft Visual Studio Solution File, Format Version 12.00
# Visual Studio 14
VisualStudioVersion = 14.0.25420.1
MinimumVisualStudioVersion = 10.0.40219.1
Project("{FAE04EC0-301F-11D3-BF4B-00C04F79EFBC}") = "DysonSphere", "DysonSphere\DysonSphere.csproj", "{CC68667C-3EB4-444D-BAB9-E1A4188D3934}"
	ProjectSection(ProjectDependencies) = postProject
		{4A301523-16EC-4A9D-AFD3-A8BD38159204} = {4A301523-16EC-4A9D-AFD3-A8BD38159204}
	EndProjectSection
EndProject
Project("{FAE04EC0-301F-11D3-BF4B-00C04F79EFBC}") = "Engine", "Engine\Engine.csproj", "{5EF366CA-251D-44C6-873E-B51C8D42A6C8}"
EndProject
Project("{FAE04EC0-301F-11D3-BF4B-00C04F79EFBC}") = "UnitTests", "UnitTests\UnitTests.csproj", "{B5720860-70B6-46D3-9A17-992112388F63}"
EndProject
Project("{FAE04EC0-301F-11D3-BF4B-00C04F79EFBC}") = "DataSupportEF", "DataSupportEF\DataSupportEF.csproj", "{37F8E551-9EDC-436E-81BD-20859A17B771}"
EndProject
Project("{FAE04EC0-301F-11D3-BF4B-00C04F79EFBC}") = "Utils_setup", "Utils_setup\Utils_setup.csproj", "{A771716B-BFDF-4603-8AAB-9C366095C447}"
EndProject
Project("{FAE04EC0-301F-11D3-BF4B-00C04F79EFBC}") = "VisualizationOpenGL", "VisualizationOpenGL\VisualizationOpenGL.csproj", "{4A301523-16EC-4A9D-AFD3-A8BD38159204}"
EndProject
Project("{FAE04EC0-301F-11D3-BF4B-00C04F79EFBC}") = "AtlasViewer", "AtlasViewer\AtlasViewer.csproj", "{F1A38D61-8032-44BC-8797-C4D10D55E8F7}"
EndProject
Project("{FAE04EC0-301F-11D3-BF4B-00C04F79EFBC}") = "DysonSphereClient", "DysonSphereClient\DysonSphereClient.csproj", "{9D6C1B3A-0687-4B79-B917-8ECD1A8E9AEF}"
EndProject
Global
	GlobalSection(SolutionConfigurationPlatforms) = preSolution
		Debug|Any CPU = Debug|Any CPU
		Release|Any CPU = Release|Any CPU
	EndGlobalSection
	GlobalSection(ProjectConfigurationPlatforms) = postSolution
		{CC68667C-3EB4-444D-BAB9-E1A4188D3934}.Debug|Any CPU.ActiveCfg = Debug|Any CPU
		{CC68667C-3EB4-444D-BAB9-E1A4188D3934}.Debug|Any CPU.Build.0 = Debug|Any CPU
		{CC68667C-3EB4-444D-BAB9-E1A4188D3934}.Release|Any CPU.ActiveCfg = Release|Any CPU
		{CC68667C-3EB4-444D-BAB9-E1A4188D3934}.Release|Any CPU.Build.0 = Release|Any CPU
		{5EF366CA-251D-44C6-873E-B51C8D42A6C8}.Debug|Any CPU.ActiveCfg = Debug|Any CPU
		{5EF366CA-251D-44C6-873E-B51C8D42A6C8}.Debug|Any CPU.Build.0 = Debug|Any CPU
		{5EF366CA-251D-44C6-873E-B51C8D42A6C8}.Release|Any CPU.ActiveCfg = Release|Any CPU
		{5EF366CA-251D-44C6-873E-B51C8D42A6C8}.Release|Any CPU.Build.0 = Release|Any CPU
		{B5720860-70B6-46D3-9A17-992112388F63}.Debug|Any CPU.ActiveCfg = Debug|Any CPU
		{B5720860-70B6-46D3-9A17-992112388F63}.Debug|Any CPU.Build.0 = Debug|Any CPU
		{B5720860-70B6-46D3-9A17-992112388F63}.Release|Any CPU.ActiveCfg = Release|Any CPU
		{B5720860-70B6-46D3-9A17-992112388F63}.Release|Any CPU.Build.0 = Release|Any CPU
		{37F8E551-9EDC-436E-81BD-20859A17B771}.Debug|Any CPU.ActiveCfg = Debug|Any CPU
		{37F8E551-9EDC-436E-81BD-20859A17B771}.Debug|Any CPU.Build.0 = Debug|Any CPU
		{37F8E551-9EDC-436E-81BD-20859A17B771}.Release|Any CPU.ActiveCfg = Release|Any CPU
		{37F8E551-9EDC-436E-81BD-20859A17B771}.Release|Any CPU.Build.0 = Release|Any CPU
		{A771716B-BFDF-4603-8AAB-9C366095C447}.Debug|Any CPU.ActiveCfg = Debug|Any CPU
		{A771716B-BFDF-4603-8AAB-9C366095C447}.Debug|Any CPU.Build.0 = Debug|Any CPU
		{A771716B-BFDF-4603-8AAB-9C366095C447}.Release|Any CPU.ActiveCfg = Release|Any CPU
		{A771716B-BFDF-4603-8AAB-9C366095C447}.Release|Any CPU.Build.0 = Release|Any CPU
		{4A301523-16EC-4A9D-AFD3-A8BD38159204}.Debug|Any CPU.ActiveCfg = Debug|Any CPU
		{4A301523-16EC-4A9D-AFD3-A8BD38159204}.Debug|Any CPU.Build.0 = Debug|Any CPU
		{4A301523-16EC-4A9D-AFD3-A8BD38159204}.Release|Any CPU.ActiveCfg = Release|Any CPU
		{4A301523-16EC-4A9D-AFD3-A8BD38159204}.Release|Any CPU.Build.0 = Release|Any CPU
		{F1A38D61-8032-44BC-8797-C4D10D55E8F7}.Debug|Any CPU.ActiveCfg = Debug|Any CPU
		{F1A38D61-8032-44BC-8797-C4D10D55E8F7}.Debug|Any CPU.Build.0 = Debug|Any CPU
		{F1A38D61-8032-44BC-8797-C4D10D55E8F7}.Release|Any CPU.ActiveCfg = Release|Any CPU
		{F1A38D61-8032-44BC-8797-C4D10D55E8F7}.Release|Any CPU.Build.0 = Release|Any CPU
		{9D6C1B3A-0687-4B79-B917-8ECD1A8E9AEF}.Debug|Any CPU.ActiveCfg = Debug|Any CPU
		{9D6C1B3A-0687-4B79-B917-8ECD1A8E9AEF}.Debug|Any CPU.Build.0 = Debug|Any CPU
		{9D6C1B3A-0687-4B79-B917-8ECD1A8E9AEF}.Release|Any CPU.ActiveCfg = Release|Any CPU
		{9D6C1B3A-0687-4B79-B917-8ECD1A8E9AEF}.Release|Any CPU.Build.0 = Release|Any CPU
	EndGlobalSection
	GlobalSection(SolutionProperties) = preSolution
		HideSolutionNode = FALSE
	EndGlobalSection
EndGlobal
